{
  "version": 4,
  "terraform_version": "1.9.2",
  "serial": 7,
  "lineage": "02f6685e-ce4a-7f23-0f5c-79aa05a2c36b",
  "outputs": {},
  "resources": [
    {
      "mode": "managed",
      "type": "aws_lambda_layer_version",
      "name": "stock_de_lambda_layer",
      "provider": "provider[\"registry.terraform.io/hashicorp/aws\"]",
      "instances": [
        {
          "schema_version": 0,
          "attributes": {
            "arn": "arn:aws:lambda:us-east-1:211125565587:layer:stockde_lambda_layer:1",
            "code_sha256": "OFZEHhpJybol8fpOnxB9sdYauMv8lsvrY3zCdl2x3Jo=",
            "compatible_architectures": null,
            "compatible_runtimes": [
              "python3.10"
            ],
            "created_date": "2024-07-18T07:53:35.266+0000",
            "description": "Lambda Layer for Stock DE Project",
            "filename": null,
            "id": "arn:aws:lambda:us-east-1:211125565587:layer:stockde_lambda_layer:1",
            "layer_arn": "arn:aws:lambda:us-east-1:211125565587:layer:stockde_lambda_layer",
            "layer_name": "stockde_lambda_layer",
            "license_info": "",
            "s3_bucket": "my-lambda-layers-arneo",
            "s3_key": "lambda_layer.zip",
            "s3_object_version": null,
            "signing_job_arn": "",
            "signing_profile_version_arn": "",
            "skip_destroy": false,
            "source_code_hash": "",
            "source_code_size": 61015600,
            "version": "1"
          },
          "sensitive_attributes": [],
          "private": "bnVsbA==",
          "dependencies": [
            "aws_s3_bucket.my_lambda_layers_arneo",
            "aws_s3_object.layer_upload"
          ]
        }
      ]
    },
    {
      "mode": "managed",
      "type": "aws_s3_bucket",
      "name": "my_lambda_layers_arneo",
      "provider": "provider[\"registry.terraform.io/hashicorp/aws\"]",
      "instances": [
        {
          "schema_version": 0,
          "attributes": {
            "acceleration_status": "",
            "acl": null,
            "arn": "arn:aws:s3:::my-lambda-layers-arneo",
            "bucket": "my-lambda-layers-arneo",
            "bucket_domain_name": "my-lambda-layers-arneo.s3.amazonaws.com",
            "bucket_prefix": "",
            "bucket_regional_domain_name": "my-lambda-layers-arneo.s3.us-east-1.amazonaws.com",
            "cors_rule": [],
            "force_destroy": false,
            "grant": [
              {
                "id": "d852663f5b4dd29f44976e1935bb55a4f813843241e0dc35a2a600fb8a19a487",
                "permissions": [
                  "FULL_CONTROL"
                ],
                "type": "CanonicalUser",
                "uri": ""
              }
            ],
            "hosted_zone_id": "Z3AQBSTGFYJSTF",
            "id": "my-lambda-layers-arneo",
            "lifecycle_rule": [],
            "logging": [],
            "object_lock_configuration": [],
            "object_lock_enabled": false,
            "policy": "",
            "region": "us-east-1",
            "replication_configuration": [],
            "request_payer": "BucketOwner",
            "server_side_encryption_configuration": [
              {
                "rule": [
                  {
                    "apply_server_side_encryption_by_default": [
                      {
                        "kms_master_key_id": "",
                        "sse_algorithm": "AES256"
                      }
                    ],
                    "bucket_key_enabled": false
                  }
                ]
              }
            ],
            "tags": {
              "env": "dev"
            },
            "tags_all": {
              "env": "dev"
            },
            "timeouts": null,
            "versioning": [
              {
                "enabled": false,
                "mfa_delete": false
              }
            ],
            "website": [],
            "website_domain": null,
            "website_endpoint": null
          },
          "sensitive_attributes": [],
          "private": "eyJlMmJmYjczMC1lY2FhLTExZTYtOGY4OC0zNDM2M2JjN2M0YzAiOnsiY3JlYXRlIjoxMjAwMDAwMDAwMDAwLCJkZWxldGUiOjM2MDAwMDAwMDAwMDAsInJlYWQiOjEyMDAwMDAwMDAwMDAsInVwZGF0ZSI6MTIwMDAwMDAwMDAwMH19"
        }
      ]
    },
    {
      "mode": "managed",
      "type": "aws_s3_bucket_public_access_block",
      "name": "my_lambda_layers_arneo",
      "provider": "provider[\"registry.terraform.io/hashicorp/aws\"]",
      "instances": [
        {
          "schema_version": 0,
          "attributes": {
            "block_public_acls": false,
            "block_public_policy": false,
            "bucket": "my-lambda-layers-arneo",
            "id": "my-lambda-layers-arneo",
            "ignore_public_acls": false,
            "restrict_public_buckets": false
          },
          "sensitive_attributes": [],
          "private": "bnVsbA==",
          "dependencies": [
            "aws_s3_bucket.my_lambda_layers_arneo"
          ]
        }
      ]
    },
    {
      "mode": "managed",
      "type": "aws_s3_object",
      "name": "layer_upload",
      "provider": "provider[\"registry.terraform.io/hashicorp/aws\"]",
      "instances": [
        {
          "schema_version": 0,
          "attributes": {
            "acl": null,
            "arn": "arn:aws:s3:::my-lambda-layers-arneo/lambda_layer.zip",
            "bucket": "my-lambda-layers-arneo",
            "bucket_key_enabled": false,
            "cache_control": "",
            "checksum_algorithm": null,
            "checksum_crc32": "",
            "checksum_crc32c": "",
            "checksum_sha1": "",
            "checksum_sha256": "",
            "content": null,
            "content_base64": null,
            "content_disposition": "",
            "content_encoding": "",
            "content_language": "",
            "content_type": "binary/octet-stream",
            "etag": "e7de5875606287f63e26c68cc91b99a8-12",
            "force_destroy": false,
            "id": "lambda_layer.zip",
            "key": "lambda_layer.zip",
            "kms_key_id": null,
            "metadata": {},
            "object_lock_legal_hold_status": "",
            "object_lock_mode": "",
            "object_lock_retain_until_date": "",
            "override_provider": [],
            "server_side_encryption": "AES256",
            "source": "../lambda_layer.zip",
            "source_hash": null,
            "storage_class": "STANDARD",
            "tags": {},
            "tags_all": {},
            "version_id": "",
            "website_redirect": ""
          },
          "sensitive_attributes": [],
          "private": "bnVsbA==",
          "dependencies": [
            "aws_s3_bucket.my_lambda_layers_arneo"
          ]
        }
      ]
    }
  ],
  "check_results": null
}
